
Microsoft Visual Studio Solution File, Format Version 12.00
# Visual Studio Version 17
VisualStudioVersion = 17.5.33516.290
MinimumVisualStudioVersion = 10.0.40219.1
Project("{FAE04EC0-301F-11D3-BF4B-00C04F79EFBC}") = "pokedex-web", "pokedex-web\pokedex-web.csproj", "{E310BD1B-25A6-4A84-92A0-AA05B90C3E68}"
EndProject
Project("{FAE04EC0-301F-11D3-BF4B-00C04F79EFBC}") = "dominio", "dominio\dominio.csproj", "{91CB17D4-1787-4AAB-A475-A671CA828297}"
EndProject
Project("{FAE04EC0-301F-11D3-BF4B-00C04F79EFBC}") = "negocio", "negocio\negocio.csproj", "{C4F48168-80B6-4C9D-A283-9A2BD8174778}"
EndProject
Global
	GlobalSection(SolutionConfigurationPlatforms) = preSolution
		Debug|Any CPU = Debug|Any CPU
		Release|Any CPU = Release|Any CPU
	EndGlobalSection
	GlobalSection(ProjectConfigurationPlatforms) = postSolution
		{E310BD1B-25A6-4A84-92A0-AA05B90C3E68}.Debug|Any CPU.ActiveCfg = Debug|Any CPU
		{E310BD1B-25A6-4A84-92A0-AA05B90C3E68}.Debug|Any CPU.Build.0 = Debug|Any CPU
		{E310BD1B-25A6-4A84-92A0-AA05B90C3E68}.Release|Any CPU.ActiveCfg = Release|Any CPU
		{E310BD1B-25A6-4A84-92A0-AA05B90C3E68}.Release|Any CPU.Build.0 = Release|Any CPU
		{91CB17D4-1787-4AAB-A475-A671CA828297}.Debug|Any CPU.ActiveCfg = Debug|Any CPU
		{91CB17D4-1787-4AAB-A475-A671CA828297}.Debug|Any CPU.Build.0 = Debug|Any CPU
		{91CB17D4-1787-4AAB-A475-A671CA828297}.Release|Any CPU.ActiveCfg = Release|Any CPU
		{91CB17D4-1787-4AAB-A475-A671CA828297}.Release|Any CPU.Build.0 = Release|Any CPU
		{C4F48168-80B6-4C9D-A283-9A2BD8174778}.Debug|Any CPU.ActiveCfg = Debug|Any CPU
		{C4F48168-80B6-4C9D-A283-9A2BD8174778}.Debug|Any CPU.Build.0 = Debug|Any CPU
		{C4F48168-80B6-4C9D-A283-9A2BD8174778}.Release|Any CPU.ActiveCfg = Release|Any CPU
		{C4F48168-80B6-4C9D-A283-9A2BD8174778}.Release|Any CPU.Build.0 = Release|Any CPU
	EndGlobalSection
	GlobalSection(SolutionProperties) = preSolution
		HideSolutionNode = FALSE
	EndGlobalSection
	GlobalSection(ExtensibilityGlobals) = postSolution
		SolutionGuid = {F82F375A-C64C-4ACE-8A41-77AD5084FE92}
	EndGlobalSection
EndGlobal
